
Microsoft Visual Studio Solution File, Format Version 12.00
# Visual Studio Version 17
VisualStudioVersion = 17.4.33122.133
MinimumVisualStudioVersion = 10.0.40219.1
Project("{FAE04EC0-301F-11D3-BF4B-00C04F79EFBC}") = "RdrSusie", "RdrSusie.csproj", "{82A12EA7-AE92-470C-847A-15C7ABAEB756}"
EndProject
Global
	GlobalSection(SolutionConfigurationPlatforms) = preSolution
		Debug|Any CPU = Debug|Any CPU
		Release|Any CPU = Release|Any CPU
	EndGlobalSection
	GlobalSection(ProjectConfigurationPlatforms) = postSolution
		{82A12EA7-AE92-470C-847A-15C7ABAEB756}.Debug|Any CPU.ActiveCfg = Debug|Any CPU
		{82A12EA7-AE92-470C-847A-15C7ABAEB756}.Debug|Any CPU.Build.0 = Debug|Any CPU
		{82A12EA7-AE92-470C-847A-15C7ABAEB756}.Release|Any CPU.ActiveCfg = Release|Any CPU
		{82A12EA7-AE92-470C-847A-15C7ABAEB756}.Release|Any CPU.Build.0 = Release|Any CPU
	EndGlobalSection
	GlobalSection(SolutionProperties) = preSolution
		HideSolutionNode = FALSE
	EndGlobalSection
	GlobalSection(ExtensibilityGlobals) = postSolution
		SolutionGuid = {A6BA9330-68ED-4EF8-8ABA-59AC208CE745}
	EndGlobalSection
EndGlobal
